// !$*UTF8*$!
{
	archiveVersion = 1;
	classes = {
	};
	objectVersion = 46;
	objects = {

/* Begin PBXBuildFile section */
		4C4CD2681F1815FA0024BDC7 /* font1.otf in Resources */ = {isa = PBXBuildFile; fileRef = 4C4CD2671F1815FA0024BDC7 /* font1.otf */; };
		4C4CD26A1F18161F0024BDC7 /* font2.otf in Resources */ = {isa = PBXBuildFile; fileRef = 4C4CD2691F18161F0024BDC7 /* font2.otf */; };
		4C4CD26C1F1818340024BDC7 /* Capsule.otf in Resources */ = {isa = PBXBuildFile; fileRef = 4C4CD26B1F1818340024BDC7 /* Capsule.otf */; };
		4C4CD26E1F18184A0024BDC7 /* timeburnerbold.ttf in Resources */ = {isa = PBXBuildFile; fileRef = 4C4CD26D1F18184A0024BDC7 /* timeburnerbold.ttf */; };
		4C4CD2711F1818620024BDC7 /* trench100free.ttf in Resources */ = {isa = PBXBuildFile; fileRef = 4C4CD2701F1818620024BDC7 /* trench100free.ttf */; };
		4C4CD2721F18186D0024BDC7 /* timeburnernormal.ttf in Resources */ = {isa = PBXBuildFile; fileRef = 4C4CD26F1F1818500024BDC7 /* timeburnernormal.ttf */; };
		4C4CD2741F1818850024BDC7 /* KGHAPPY.ttf in Resources */ = {isa = PBXBuildFile; fileRef = 4C4CD2731F1818850024BDC7 /* KGHAPPY.ttf */; };
		4C4CD2761F1818A00024BDC7 /* Heartache.ttf in Resources */ = {isa = PBXBuildFile; fileRef = 4C4CD2751F1818A00024BDC7 /* Heartache.ttf */; };
		4C4CD2781F18192A0024BDC7 /* Confetti.ttf in Resources */ = {isa = PBXBuildFile; fileRef = 4C4CD2771F18192A0024BDC7 /* Confetti.ttf */; };
		4C4CD27A1F1819C20024BDC7 /* fashionista.ttf in Resources */ = {isa = PBXBuildFile; fileRef = 4C4CD2791F1819C20024BDC7 /* fashionista.ttf */; };
		4C4CD27C1F1821EF0024BDC7 /* ShadowView.swift in Sources */ = {isa = PBXBuildFile; fileRef = 4C4CD27B1F1821EF0024BDC7 /* ShadowView.swift */; };
		4C4CD27F1F1822240024BDC7 /* Constants.swift in Sources */ = {isa = PBXBuildFile; fileRef = 4C4CD27E1F1822240024BDC7 /* Constants.swift */; };
		4C4CD2811F1854A60024BDC7 /* SignInRound.swift in Sources */ = {isa = PBXBuildFile; fileRef = 4C4CD2801F1854A60024BDC7 /* SignInRound.swift */; };
		4C4CD2831F1857070024BDC7 /* SocialSignIn.swift in Sources */ = {isa = PBXBuildFile; fileRef = 4C4CD2821F1857070024BDC7 /* SocialSignIn.swift */; };
		4C4CD2851F1857E30024BDC7 /* EmailPassSignIn.swift in Sources */ = {isa = PBXBuildFile; fileRef = 4C4CD2841F1857E30024BDC7 /* EmailPassSignIn.swift */; };
		4CD383C91F16D55200C2E38D /* AppDelegate.swift in Sources */ = {isa = PBXBuildFile; fileRef = 4CD383C81F16D55200C2E38D /* AppDelegate.swift */; };
		4CD383CB1F16D55200C2E38D /* SignInViewController.swift in Sources */ = {isa = PBXBuildFile; fileRef = 4CD383CA1F16D55200C2E38D /* SignInViewController.swift */; };
		4CD383CE1F16D55200C2E38D /* Main.storyboard in Resources */ = {isa = PBXBuildFile; fileRef = 4CD383CC1F16D55200C2E38D /* Main.storyboard */; };
		4CD383D01F16D55200C2E38D /* Assets.xcassets in Resources */ = {isa = PBXBuildFile; fileRef = 4CD383CF1F16D55200C2E38D /* Assets.xcassets */; };
		4CD383D31F16D55200C2E38D /* LaunchScreen.storyboard in Resources */ = {isa = PBXBuildFile; fileRef = 4CD383D11F16D55200C2E38D /* LaunchScreen.storyboard */; };
		4CD383DB1F16D6EC00C2E38D /* GoogleService-Info.plist in Resources */ = {isa = PBXBuildFile; fileRef = 4CD383DA1F16D6EC00C2E38D /* GoogleService-Info.plist */; };
		5B588DE04E29730672D9D47D /* Pods_KindaSocial.framework in Frameworks */ = {isa = PBXBuildFile; fileRef = A844BBBB48795CC2B26108DD /* Pods_KindaSocial.framework */; };
/* End PBXBuildFile section */

/* Begin PBXFileReference section */
		0DDB384315A01FDB67DD6D31 /* Pods-KindaSocial.release.xcconfig */ = {isa = PBXFileReference; includeInIndex = 1; lastKnownFileType = text.xcconfig; name = "Pods-KindaSocial.release.xcconfig"; path = "Pods/Target Support Files/Pods-KindaSocial/Pods-KindaSocial.release.xcconfig"; sourceTree = "<group>"; };
		4C4CD2671F1815FA0024BDC7 /* font1.otf */ = {isa = PBXFileReference; lastKnownFileType = file; path = font1.otf; sourceTree = "<group>"; };
		4C4CD2691F18161F0024BDC7 /* font2.otf */ = {isa = PBXFileReference; lastKnownFileType = file; path = font2.otf; sourceTree = "<group>"; };
		4C4CD26B1F1818340024BDC7 /* Capsule.otf */ = {isa = PBXFileReference; lastKnownFileType = file; path = Capsule.otf; sourceTree = "<group>"; };
		4C4CD26D1F18184A0024BDC7 /* timeburnerbold.ttf */ = {isa = PBXFileReference; lastKnownFileType = file; path = timeburnerbold.ttf; sourceTree = "<group>"; };
		4C4CD26F1F1818500024BDC7 /* timeburnernormal.ttf */ = {isa = PBXFileReference; lastKnownFileType = file; path = timeburnernormal.ttf; sourceTree = "<group>"; };
		4C4CD2701F1818620024BDC7 /* trench100free.ttf */ = {isa = PBXFileReference; lastKnownFileType = file; path = trench100free.ttf; sourceTree = "<group>"; };
		4C4CD2731F1818850024BDC7 /* KGHAPPY.ttf */ = {isa = PBXFileReference; lastKnownFileType = file; path = KGHAPPY.ttf; sourceTree = "<group>"; };
		4C4CD2751F1818A00024BDC7 /* Heartache.ttf */ = {isa = PBXFileReference; lastKnownFileType = file; path = Heartache.ttf; sourceTree = "<group>"; };
		4C4CD2771F18192A0024BDC7 /* Confetti.ttf */ = {isa = PBXFileReference; lastKnownFileType = file; path = Confetti.ttf; sourceTree = "<group>"; };
		4C4CD2791F1819C20024BDC7 /* fashionista.ttf */ = {isa = PBXFileReference; lastKnownFileType = file; path = fashionista.ttf; sourceTree = "<group>"; };
		4C4CD27B1F1821EF0024BDC7 /* ShadowView.swift */ = {isa = PBXFileReference; fileEncoding = 4; lastKnownFileType = sourcecode.swift; path = ShadowView.swift; sourceTree = "<group>"; };
		4C4CD27E1F1822240024BDC7 /* Constants.swift */ = {isa = PBXFileReference; fileEncoding = 4; lastKnownFileType = sourcecode.swift; path = Constants.swift; sourceTree = "<group>"; };
		4C4CD2801F1854A60024BDC7 /* SignInRound.swift */ = {isa = PBXFileReference; fileEncoding = 4; lastKnownFileType = sourcecode.swift; path = SignInRound.swift; sourceTree = "<group>"; };
		4C4CD2821F1857070024BDC7 /* SocialSignIn.swift */ = {isa = PBXFileReference; fileEncoding = 4; lastKnownFileType = sourcecode.swift; path = SocialSignIn.swift; sourceTree = "<group>"; };
		4C4CD2841F1857E30024BDC7 /* EmailPassSignIn.swift */ = {isa = PBXFileReference; fileEncoding = 4; lastKnownFileType = sourcecode.swift; path = EmailPassSignIn.swift; sourceTree = "<group>"; };
		4CD383C51F16D55200C2E38D /* KindaSocial.app */ = {isa = PBXFileReference; explicitFileType = wrapper.application; includeInIndex = 0; path = KindaSocial.app; sourceTree = BUILT_PRODUCTS_DIR; };
		4CD383C81F16D55200C2E38D /* AppDelegate.swift */ = {isa = PBXFileReference; lastKnownFileType = sourcecode.swift; path = AppDelegate.swift; sourceTree = "<group>"; };
		4CD383CA1F16D55200C2E38D /* SignInViewController.swift */ = {isa = PBXFileReference; lastKnownFileType = sourcecode.swift; path = SignInViewController.swift; sourceTree = "<group>"; };
		4CD383CD1F16D55200C2E38D /* Base */ = {isa = PBXFileReference; lastKnownFileType = file.storyboard; name = Base; path = Base.lproj/Main.storyboard; sourceTree = "<group>"; };
		4CD383CF1F16D55200C2E38D /* Assets.xcassets */ = {isa = PBXFileReference; lastKnownFileType = folder.assetcatalog; path = Assets.xcassets; sourceTree = "<group>"; };
		4CD383D21F16D55200C2E38D /* Base */ = {isa = PBXFileReference; lastKnownFileType = file.storyboard; name = Base; path = Base.lproj/LaunchScreen.storyboard; sourceTree = "<group>"; };
		4CD383D41F16D55200C2E38D /* Info.plist */ = {isa = PBXFileReference; lastKnownFileType = text.plist.xml; path = Info.plist; sourceTree = "<group>"; };
		4CD383DA1F16D6EC00C2E38D /* GoogleService-Info.plist */ = {isa = PBXFileReference; fileEncoding = 4; lastKnownFileType = text.plist.xml; path = "GoogleService-Info.plist"; sourceTree = "<group>"; };
		84783CCFA8729148A6CFDFE6 /* Pods-KindaSocial.debug.xcconfig */ = {isa = PBXFileReference; includeInIndex = 1; lastKnownFileType = text.xcconfig; name = "Pods-KindaSocial.debug.xcconfig"; path = "Pods/Target Support Files/Pods-KindaSocial/Pods-KindaSocial.debug.xcconfig"; sourceTree = "<group>"; };
		A844BBBB48795CC2B26108DD /* Pods_KindaSocial.framework */ = {isa = PBXFileReference; explicitFileType = wrapper.framework; includeInIndex = 0; path = Pods_KindaSocial.framework; sourceTree = BUILT_PRODUCTS_DIR; };
/* End PBXFileReference section */

/* Begin PBXFrameworksBuildPhase section */
		4CD383C21F16D55200C2E38D /* Frameworks */ = {
			isa = PBXFrameworksBuildPhase;
			buildActionMask = 2147483647;
			files = (
				5B588DE04E29730672D9D47D /* Pods_KindaSocial.framework in Frameworks */,
			);
			runOnlyForDeploymentPostprocessing = 0;
		};
/* End PBXFrameworksBuildPhase section */

/* Begin PBXGroup section */
		4C0E2E861F16DD5D00EBB190 /* Controller */ = {
			isa = PBXGroup;
			children = (
				4CD383CA1F16D55200C2E38D /* SignInViewController.swift */,
			);
			name = Controller;
			sourceTree = "<group>";
		};
		4C0E2E871F16DD6800EBB190 /* View */ = {
			isa = PBXGroup;
			children = (
				4C4CD27B1F1821EF0024BDC7 /* ShadowView.swift */,
				4C4CD2801F1854A60024BDC7 /* SignInRound.swift */,
				4C4CD2821F1857070024BDC7 /* SocialSignIn.swift */,
				4C4CD2841F1857E30024BDC7 /* EmailPassSignIn.swift */,
			);
			name = View;
			sourceTree = "<group>";
		};
		4C0E2E881F16DD6E00EBB190 /* Model */ = {
			isa = PBXGroup;
			children = (
			);
			name = Model;
			sourceTree = "<group>";
		};
		4C4CD2661F1815B50024BDC7 /* Resources */ = {
			isa = PBXGroup;
			children = (
				4C4CD2671F1815FA0024BDC7 /* font1.otf */,
				4C4CD2691F18161F0024BDC7 /* font2.otf */,
				4C4CD26B1F1818340024BDC7 /* Capsule.otf */,
				4C4CD26D1F18184A0024BDC7 /* timeburnerbold.ttf */,
				4C4CD26F1F1818500024BDC7 /* timeburnernormal.ttf */,
				4C4CD2701F1818620024BDC7 /* trench100free.ttf */,
				4C4CD2731F1818850024BDC7 /* KGHAPPY.ttf */,
				4C4CD2751F1818A00024BDC7 /* Heartache.ttf */,
				4C4CD2771F18192A0024BDC7 /* Confetti.ttf */,
				4C4CD2791F1819C20024BDC7 /* fashionista.ttf */,
			);
			name = Resources;
			sourceTree = "<group>";
		};
		4C4CD27D1F1822120024BDC7 /* Util */ = {
			isa = PBXGroup;
			children = (
				4C4CD27E1F1822240024BDC7 /* Constants.swift */,
			);
			name = Util;
			sourceTree = "<group>";
		};
		4CD383BC1F16D55200C2E38D = {
			isa = PBXGroup;
			children = (
				4CD383C71F16D55200C2E38D /* KindaSocial */,
				4CD383C61F16D55200C2E38D /* Products */,
				69176B178DA02BCD1702F48C /* Pods */,
				F3D6508609A4CDC292B08D7E /* Frameworks */,
			);
			sourceTree = "<group>";
		};
		4CD383C61F16D55200C2E38D /* Products */ = {
			isa = PBXGroup;
			children = (
				4CD383C51F16D55200C2E38D /* KindaSocial.app */,
			);
			name = Products;
			sourceTree = "<group>";
		};
		4CD383C71F16D55200C2E38D /* KindaSocial */ = {
			isa = PBXGroup;
			children = (
				4C4CD27D1F1822120024BDC7 /* Util */,
				4C4CD2661F1815B50024BDC7 /* Resources */,
				4C0E2E881F16DD6E00EBB190 /* Model */,
				4C0E2E871F16DD6800EBB190 /* View */,
				4C0E2E861F16DD5D00EBB190 /* Controller */,
				4CD383C81F16D55200C2E38D /* AppDelegate.swift */,
				4CD383CC1F16D55200C2E38D /* Main.storyboard */,
				4CD383CF1F16D55200C2E38D /* Assets.xcassets */,
				4CD383D11F16D55200C2E38D /* LaunchScreen.storyboard */,
				4CD383D41F16D55200C2E38D /* Info.plist */,
				4CD383DA1F16D6EC00C2E38D /* GoogleService-Info.plist */,
			);
			path = KindaSocial;
			sourceTree = "<group>";
		};
		69176B178DA02BCD1702F48C /* Pods */ = {
			isa = PBXGroup;
			children = (
				84783CCFA8729148A6CFDFE6 /* Pods-KindaSocial.debug.xcconfig */,
				0DDB384315A01FDB67DD6D31 /* Pods-KindaSocial.release.xcconfig */,
			);
			name = Pods;
			sourceTree = "<group>";
		};
		F3D6508609A4CDC292B08D7E /* Frameworks */ = {
			isa = PBXGroup;
			children = (
				A844BBBB48795CC2B26108DD /* Pods_KindaSocial.framework */,
			);
			name = Frameworks;
			sourceTree = "<group>";
		};
/* End PBXGroup section */

/* Begin PBXNativeTarget section */
		4CD383C41F16D55200C2E38D /* KindaSocial */ = {
			isa = PBXNativeTarget;
			buildConfigurationList = 4CD383D71F16D55200C2E38D /* Build configuration list for PBXNativeTarget "KindaSocial" */;
			buildPhases = (
				E0C7467CBAFBB4DD5B7C28A4 /* [CP] Check Pods Manifest.lock */,
				4CD383C11F16D55200C2E38D /* Sources */,
				4CD383C21F16D55200C2E38D /* Frameworks */,
				4CD383C31F16D55200C2E38D /* Resources */,
				BAE0BCFF6ECEB700205B17CF /* [CP] Embed Pods Frameworks */,
				245320426E25E333415BA2DF /* [CP] Copy Pods Resources */,
			);
			buildRules = (
			);
			dependencies = (
			);
			name = KindaSocial;
			productName = KindaSocial;
			productReference = 4CD383C51F16D55200C2E38D /* KindaSocial.app */;
			productType = "com.apple.product-type.application";
		};
/* End PBXNativeTarget section */

/* Begin PBXProject section */
		4CD383BD1F16D55200C2E38D /* Project object */ = {
			isa = PBXProject;
			attributes = {
				LastSwiftUpdateCheck = 0830;
				LastUpgradeCheck = 0830;
				ORGANIZATIONNAME = SK21;
				TargetAttributes = {
					4CD383C41F16D55200C2E38D = {
						CreatedOnToolsVersion = 8.3.3;
						LastSwiftMigration = 0830;
						ProvisioningStyle = Automatic;
					};
				};
			};
			buildConfigurationList = 4CD383C01F16D55200C2E38D /* Build configuration list for PBXProject "KindaSocial" */;
			compatibilityVersion = "Xcode 3.2";
			developmentRegion = English;
			hasScannedForEncodings = 0;
			knownRegions = (
				en,
				Base,
			);
			mainGroup = 4CD383BC1F16D55200C2E38D;
			productRefGroup = 4CD383C61F16D55200C2E38D /* Products */;
			projectDirPath = "";
			projectRoot = "";
			targets = (
				4CD383C41F16D55200C2E38D /* KindaSocial */,
			);
		};
/* End PBXProject section */

/* Begin PBXResourcesBuildPhase section */
		4CD383C31F16D55200C2E38D /* Resources */ = {
			isa = PBXResourcesBuildPhase;
			buildActionMask = 2147483647;
			files = (
				4CD383D31F16D55200C2E38D /* LaunchScreen.storyboard in Resources */,
				4C4CD26C1F1818340024BDC7 /* Capsule.otf in Resources */,
				4C4CD2711F1818620024BDC7 /* trench100free.ttf in Resources */,
				4CD383DB1F16D6EC00C2E38D /* GoogleService-Info.plist in Resources */,
				4CD383D01F16D55200C2E38D /* Assets.xcassets in Resources */,
				4C4CD26E1F18184A0024BDC7 /* timeburnerbold.ttf in Resources */,
				4C4CD2761F1818A00024BDC7 /* Heartache.ttf in Resources */,
				4C4CD2721F18186D0024BDC7 /* timeburnernormal.ttf in Resources */,
				4C4CD26A1F18161F0024BDC7 /* font2.otf in Resources */,
				4C4CD2741F1818850024BDC7 /* KGHAPPY.ttf in Resources */,
				4C4CD27A1F1819C20024BDC7 /* fashionista.ttf in Resources */,
				4CD383CE1F16D55200C2E38D /* Main.storyboard in Resources */,
				4C4CD2681F1815FA0024BDC7 /* font1.otf in Resources */,
				4C4CD2781F18192A0024BDC7 /* Confetti.ttf in Resources */,
			);
			runOnlyForDeploymentPostprocessing = 0;
		};
/* End PBXResourcesBuildPhase section */

/* Begin PBXShellScriptBuildPhase section */
		245320426E25E333415BA2DF /* [CP] Copy Pods Resources */ = {
			isa = PBXShellScriptBuildPhase;
			buildActionMask = 2147483647;
			files = (
			);
			inputPaths = (
			);
			name = "[CP] Copy Pods Resources";
			outputPaths = (
			);
			runOnlyForDeploymentPostprocessing = 0;
			shellPath = /bin/sh;
			shellScript = "\"${SRCROOT}/Pods/Target Support Files/Pods-KindaSocial/Pods-KindaSocial-resources.sh\"\n";
			showEnvVarsInLog = 0;
		};
		BAE0BCFF6ECEB700205B17CF /* [CP] Embed Pods Frameworks */ = {
			isa = PBXShellScriptBuildPhase;
			buildActionMask = 2147483647;
			files = (
			);
			inputPaths = (
			);
			name = "[CP] Embed Pods Frameworks";
			outputPaths = (
			);
			runOnlyForDeploymentPostprocessing = 0;
			shellPath = /bin/sh;
			shellScript = "\"${SRCROOT}/Pods/Target Support Files/Pods-KindaSocial/Pods-KindaSocial-frameworks.sh\"\n";
			showEnvVarsInLog = 0;
		};
		E0C7467CBAFBB4DD5B7C28A4 /* [CP] Check Pods Manifest.lock */ = {
			isa = PBXShellScriptBuildPhase;
			buildActionMask = 2147483647;
			files = (
			);
			inputPaths = (
			);
			name = "[CP] Check Pods Manifest.lock";
			outputPaths = (
			);
			runOnlyForDeploymentPostprocessing = 0;
			shellPath = /bin/sh;
			shellScript = "diff \"${PODS_PODFILE_DIR_PATH}/Podfile.lock\" \"${PODS_ROOT}/Manifest.lock\" > /dev/null\nif [ $? != 0 ] ; then\n    # print error to STDERR\n    echo \"error: The sandbox is not in sync with the Podfile.lock. Run 'pod install' or update your CocoaPods installation.\" >&2\n    exit 1\nfi\n";
			showEnvVarsInLog = 0;
		};
/* End PBXShellScriptBuildPhase section */

/* Begin PBXSourcesBuildPhase section */
		4CD383C11F16D55200C2E38D /* Sources */ = {
			isa = PBXSourcesBuildPhase;
			buildActionMask = 2147483647;
			files = (
				4C4CD27C1F1821EF0024BDC7 /* ShadowView.swift in Sources */,
				4C4CD2831F1857070024BDC7 /* SocialSignIn.swift in Sources */,
				4CD383CB1F16D55200C2E38D /* SignInViewController.swift in Sources */,
				4CD383C91F16D55200C2E38D /* AppDelegate.swift in Sources */,
				4C4CD2851F1857E30024BDC7 /* EmailPassSignIn.swift in Sources */,
				4C4CD27F1F1822240024BDC7 /* Constants.swift in Sources */,
				4C4CD2811F1854A60024BDC7 /* SignInRound.swift in Sources */,
			);
			runOnlyForDeploymentPostprocessing = 0;
		};
/* End PBXSourcesBuildPhase section */

/* Begin PBXVariantGroup section */
		4CD383CC1F16D55200C2E38D /* Main.storyboard */ = {
			isa = PBXVariantGroup;
			children = (
				4CD383CD1F16D55200C2E38D /* Base */,
			);
			name = Main.storyboard;
			sourceTree = "<group>";
		};
		4CD383D11F16D55200C2E38D /* LaunchScreen.storyboard */ = {
			isa = PBXVariantGroup;
			children = (
				4CD383D21F16D55200C2E38D /* Base */,
			);
			name = LaunchScreen.storyboard;
			sourceTree = "<group>";
		};
/* End PBXVariantGroup section */

/* Begin XCBuildConfiguration section */
		4CD383D51F16D55200C2E38D /* Debug */ = {
			isa = XCBuildConfiguration;
			buildSettings = {
				ALWAYS_SEARCH_USER_PATHS = NO;
				CLANG_ANALYZER_NONNULL = YES;
				CLANG_ANALYZER_NUMBER_OBJECT_CONVERSION = YES_AGGRESSIVE;
				CLANG_CXX_LANGUAGE_STANDARD = "gnu++0x";
				CLANG_CXX_LIBRARY = "libc++";
				CLANG_ENABLE_MODULES = YES;
				CLANG_ENABLE_OBJC_ARC = YES;
				CLANG_WARN_BOOL_CONVERSION = YES;
				CLANG_WARN_CONSTANT_CONVERSION = YES;
				CLANG_WARN_DIRECT_OBJC_ISA_USAGE = YES_ERROR;
				CLANG_WARN_DOCUMENTATION_COMMENTS = YES;
				CLANG_WARN_EMPTY_BODY = YES;
				CLANG_WARN_ENUM_CONVERSION = YES;
				CLANG_WARN_INFINITE_RECURSION = YES;
				CLANG_WARN_INT_CONVERSION = YES;
				CLANG_WARN_OBJC_ROOT_CLASS = YES_ERROR;
				CLANG_WARN_SUSPICIOUS_MOVE = YES;
				CLANG_WARN_UNREACHABLE_CODE = YES;
				CLANG_WARN__DUPLICATE_METHOD_MATCH = YES;
				"CODE_SIGN_IDENTITY[sdk=iphoneos*]" = "iPhone Developer";
				COPY_PHASE_STRIP = NO;
				DEBUG_INFORMATION_FORMAT = dwarf;
				ENABLE_STRICT_OBJC_MSGSEND = YES;
				ENABLE_TESTABILITY = YES;
				GCC_C_LANGUAGE_STANDARD = gnu99;
				GCC_DYNAMIC_NO_PIC = NO;
				GCC_NO_COMMON_BLOCKS = YES;
				GCC_OPTIMIZATION_LEVEL = 0;
				GCC_PREPROCESSOR_DEFINITIONS = (
					"DEBUG=1",
					"$(inherited)",
				);
				GCC_WARN_64_TO_32_BIT_CONVERSION = YES;
				GCC_WARN_ABOUT_RETURN_TYPE = YES_ERROR;
				GCC_WARN_UNDECLARED_SELECTOR = YES;
				GCC_WARN_UNINITIALIZED_AUTOS = YES_AGGRESSIVE;
				GCC_WARN_UNUSED_FUNCTION = YES;
				GCC_WARN_UNUSED_VARIABLE = YES;
				IPHONEOS_DEPLOYMENT_TARGET = 10.3;
				MTL_ENABLE_DEBUG_INFO = YES;
				ONLY_ACTIVE_ARCH = YES;
				SDKROOT = iphoneos;
				SWIFT_ACTIVE_COMPILATION_CONDITIONS = DEBUG;
				SWIFT_OPTIMIZATION_LEVEL = "-Onone";
			};
			name = Debug;
		};
		4CD383D61F16D55200C2E38D /* Release */ = {
			isa = XCBuildConfiguration;
			buildSettings = {
				ALWAYS_SEARCH_USER_PATHS = NO;
				CLANG_ANALYZER_NONNULL = YES;
				CLANG_ANALYZER_NUMBER_OBJECT_CONVERSION = YES_AGGRESSIVE;
				CLANG_CXX_LANGUAGE_STANDARD = "gnu++0x";
				CLANG_CXX_LIBRARY = "libc++";
				CLANG_ENABLE_MODULES = YES;
				CLANG_ENABLE_OBJC_ARC = YES;
				CLANG_WARN_BOOL_CONVERSION = YES;
				CLANG_WARN_CONSTANT_CONVERSION = YES;
				CLANG_WARN_DIRECT_OBJC_ISA_USAGE = YES_ERROR;
				CLANG_WARN_DOCUMENTATION_COMMENTS = YES;
				CLANG_WARN_EMPTY_BODY = YES;
				CLANG_WARN_ENUM_CONVERSION = YES;
				CLANG_WARN_INFINITE_RECURSION = YES;
				CLANG_WARN_INT_CONVERSION = YES;
				CLANG_WARN_OBJC_ROOT_CLASS = YES_ERROR;
				CLANG_WARN_SUSPICIOUS_MOVE = YES;
				CLANG_WARN_UNREACHABLE_CODE = YES;
				CLANG_WARN__DUPLICATE_METHOD_MATCH = YES;
				"CODE_SIGN_IDENTITY[sdk=iphoneos*]" = "iPhone Developer";
				COPY_PHASE_STRIP = NO;
				DEBUG_INFORMATION_FORMAT = "dwarf-with-dsym";
				ENABLE_NS_ASSERTIONS = NO;
				ENABLE_STRICT_OBJC_MSGSEND = YES;
				GCC_C_LANGUAGE_STANDARD = gnu99;
				GCC_NO_COMMON_BLOCKS = YES;
				GCC_WARN_64_TO_32_BIT_CONVERSION = YES;
				GCC_WARN_ABOUT_RETURN_TYPE = YES_ERROR;
				GCC_WARN_UNDECLARED_SELECTOR = YES;
				GCC_WARN_UNINITIALIZED_AUTOS = YES_AGGRESSIVE;
				GCC_WARN_UNUSED_FUNCTION = YES;
				GCC_WARN_UNUSED_VARIABLE = YES;
				IPHONEOS_DEPLOYMENT_TARGET = 10.3;
				MTL_ENABLE_DEBUG_INFO = NO;
				SDKROOT = iphoneos;
				SWIFT_OPTIMIZATION_LEVEL = "-Owholemodule";
				VALIDATE_PRODUCT = YES;
			};
			name = Release;
		};
		4CD383D81F16D55200C2E38D /* Debug */ = {
			isa = XCBuildConfiguration;
			baseConfigurationReference = 84783CCFA8729148A6CFDFE6 /* Pods-KindaSocial.debug.xcconfig */;
			buildSettings = {
				ASSETCATALOG_COMPILER_APPICON_NAME = AppIcon;
				CLANG_ENABLE_MODULES = YES;
				INFOPLIST_FILE = KindaSocial/Info.plist;
				LD_RUNPATH_SEARCH_PATHS = "$(inherited) @executable_path/Frameworks";
				PRODUCT_BUNDLE_IDENTIFIER = com.sk21.KindaSocial;
				PRODUCT_NAME = "$(TARGET_NAME)";
				SWIFT_INSTALL_OBJC_HEADER = YES;
				SWIFT_OBJC_BRIDGING_HEADER = "";
				SWIFT_OPTIMIZATION_LEVEL = "-Onone";
				SWIFT_VERSION = 3.0;
			};
			name = Debug;
		};
		4CD383D91F16D55200C2E38D /* Release */ = {
			isa = XCBuildConfiguration;
			baseConfigurationReference = 0DDB384315A01FDB67DD6D31 /* Pods-KindaSocial.release.xcconfig */;
			buildSettings = {
				ASSETCATALOG_COMPILER_APPICON_NAME = AppIcon;
				CLANG_ENABLE_MODULES = YES;
				INFOPLIST_FILE = KindaSocial/Info.plist;
				LD_RUNPATH_SEARCH_PATHS = "$(inherited) @executable_path/Frameworks";
				PRODUCT_BUNDLE_IDENTIFIER = com.sk21.KindaSocial;
				PRODUCT_NAME = "$(TARGET_NAME)";
				SWIFT_INSTALL_OBJC_HEADER = YES;
				SWIFT_OBJC_BRIDGING_HEADER = "";
				SWIFT_VERSION = 3.0;
			};
			name = Release;
		};
/* End XCBuildConfiguration section */

/* Begin XCConfigurationList section */
		4CD383C01F16D55200C2E38D /* Build configuration list for PBXProject "KindaSocial" */ = {
			isa = XCConfigurationList;
			buildConfigurations = (
				4CD383D51F16D55200C2E38D /* Debug */,
				4CD383D61F16D55200C2E38D /* Release */,
			);
			defaultConfigurationIsVisible = 0;
			defaultConfigurationName = Release;
		};
		4CD383D71F16D55200C2E38D /* Build configuration list for PBXNativeTarget "KindaSocial" */ = {
			isa = XCConfigurationList;
			buildConfigurations = (
				4CD383D81F16D55200C2E38D /* Debug */,
				4CD383D91F16D55200C2E38D /* Release */,
			);
			defaultConfigurationIsVisible = 0;
			defaultConfigurationName = Release;
		};
/* End XCConfigurationList section */
	};
	rootObject = 4CD383BD1F16D55200C2E38D /* Project object */;
}
